// !$*UTF8*$!
{
	archiveVersion = 1;
	classes = {
	};
	objectVersion = 50;
	objects = {

/* Begin PBXBuildFile section */
		912C9F37222069A100C8E580 /* AppDelegate.swift in Sources */ = {isa = PBXBuildFile; fileRef = 912C9F36222069A100C8E580 /* AppDelegate.swift */; };
		912C9F39222069A100C8E580 /* MoviesListViewController.swift in Sources */ = {isa = PBXBuildFile; fileRef = 912C9F38222069A100C8E580 /* MoviesListViewController.swift */; };
		912C9F3C222069A100C8E580 /* Main.storyboard in Resources */ = {isa = PBXBuildFile; fileRef = 912C9F3A222069A100C8E580 /* Main.storyboard */; };
		912C9F3E222069A300C8E580 /* Assets.xcassets in Resources */ = {isa = PBXBuildFile; fileRef = 912C9F3D222069A300C8E580 /* Assets.xcassets */; };
		912C9F41222069A300C8E580 /* LaunchScreen.storyboard in Resources */ = {isa = PBXBuildFile; fileRef = 912C9F3F222069A300C8E580 /* LaunchScreen.storyboard */; };
		912C9F4D2220702C00C8E580 /* DataManager.swift in Sources */ = {isa = PBXBuildFile; fileRef = 912C9F4C2220702C00C8E580 /* DataManager.swift */; };
		912C9F4F222071DB00C8E580 /* MovieListModel.swift in Sources */ = {isa = PBXBuildFile; fileRef = 912C9F4E222071DB00C8E580 /* MovieListModel.swift */; };
		912C9F512220854F00C8E580 /* MovieCell.swift in Sources */ = {isa = PBXBuildFile; fileRef = 912C9F502220854F00C8E580 /* MovieCell.swift */; };
		912C9F5322208CF100C8E580 /* ShowAlertView.swift in Sources */ = {isa = PBXBuildFile; fileRef = 912C9F5222208CF100C8E580 /* ShowAlertView.swift */; };
		912C9F5522208D4C00C8E580 /* RoundImageView.swift in Sources */ = {isa = PBXBuildFile; fileRef = 912C9F5422208D4C00C8E580 /* RoundImageView.swift */; };
		912C9F5722208D9C00C8E580 /* ImagePlaceholderLoader.swift in Sources */ = {isa = PBXBuildFile; fileRef = 912C9F5622208D9B00C8E580 /* ImagePlaceholderLoader.swift */; };
		912C9F5C222145B600C8E580 /* DetailViewController.swift in Sources */ = {isa = PBXBuildFile; fileRef = 912C9F5B222145B600C8E580 /* DetailViewController.swift */; };
		912C9F5E2221B76D00C8E580 /* SimilarMoviesCell.swift in Sources */ = {isa = PBXBuildFile; fileRef = 912C9F5D2221B76D00C8E580 /* SimilarMoviesCell.swift */; };
/* End PBXBuildFile section */

/* Begin PBXFileReference section */
		912C9F33222069A100C8E580 /* BOOKMYSHOW.app */ = {isa = PBXFileReference; explicitFileType = wrapper.application; includeInIndex = 0; path = BOOKMYSHOW.app; sourceTree = BUILT_PRODUCTS_DIR; };
		912C9F36222069A100C8E580 /* AppDelegate.swift */ = {isa = PBXFileReference; lastKnownFileType = sourcecode.swift; path = AppDelegate.swift; sourceTree = "<group>"; };
		912C9F38222069A100C8E580 /* MoviesListViewController.swift */ = {isa = PBXFileReference; lastKnownFileType = sourcecode.swift; path = MoviesListViewController.swift; sourceTree = "<group>"; };
		912C9F3B222069A100C8E580 /* Base */ = {isa = PBXFileReference; lastKnownFileType = file.storyboard; name = Base; path = Base.lproj/Main.storyboard; sourceTree = "<group>"; };
		912C9F3D222069A300C8E580 /* Assets.xcassets */ = {isa = PBXFileReference; lastKnownFileType = folder.assetcatalog; path = Assets.xcassets; sourceTree = "<group>"; };
		912C9F40222069A300C8E580 /* Base */ = {isa = PBXFileReference; lastKnownFileType = file.storyboard; name = Base; path = Base.lproj/LaunchScreen.storyboard; sourceTree = "<group>"; };
		912C9F42222069A300C8E580 /* Info.plist */ = {isa = PBXFileReference; lastKnownFileType = text.plist.xml; path = Info.plist; sourceTree = "<group>"; };
		912C9F4C2220702C00C8E580 /* DataManager.swift */ = {isa = PBXFileReference; fileEncoding = 4; lastKnownFileType = sourcecode.swift; path = DataManager.swift; sourceTree = "<group>"; };
		912C9F4E222071DB00C8E580 /* MovieListModel.swift */ = {isa = PBXFileReference; lastKnownFileType = sourcecode.swift; path = MovieListModel.swift; sourceTree = "<group>"; };
		912C9F502220854F00C8E580 /* MovieCell.swift */ = {isa = PBXFileReference; lastKnownFileType = sourcecode.swift; path = MovieCell.swift; sourceTree = "<group>"; };
		912C9F5222208CF100C8E580 /* ShowAlertView.swift */ = {isa = PBXFileReference; fileEncoding = 4; lastKnownFileType = sourcecode.swift; path = ShowAlertView.swift; sourceTree = "<group>"; };
		912C9F5422208D4C00C8E580 /* RoundImageView.swift */ = {isa = PBXFileReference; fileEncoding = 4; lastKnownFileType = sourcecode.swift; path = RoundImageView.swift; sourceTree = "<group>"; };
		912C9F5622208D9B00C8E580 /* ImagePlaceholderLoader.swift */ = {isa = PBXFileReference; fileEncoding = 4; lastKnownFileType = sourcecode.swift; path = ImagePlaceholderLoader.swift; sourceTree = "<group>"; };
		912C9F5B222145B600C8E580 /* DetailViewController.swift */ = {isa = PBXFileReference; lastKnownFileType = sourcecode.swift; path = DetailViewController.swift; sourceTree = "<group>"; };
		912C9F5D2221B76D00C8E580 /* SimilarMoviesCell.swift */ = {isa = PBXFileReference; lastKnownFileType = sourcecode.swift; path = SimilarMoviesCell.swift; sourceTree = "<group>"; };
/* End PBXFileReference section */

/* Begin PBXFrameworksBuildPhase section */
		912C9F30222069A100C8E580 /* Frameworks */ = {
			isa = PBXFrameworksBuildPhase;
			buildActionMask = 2147483647;
			files = (
			);
			runOnlyForDeploymentPostprocessing = 0;
		};
/* End PBXFrameworksBuildPhase section */

/* Begin PBXGroup section */
		912C9F2A222069A100C8E580 = {
			isa = PBXGroup;
			children = (
				912C9F35222069A100C8E580 /* BOOKMYSHOW */,
				912C9F34222069A100C8E580 /* Products */,
			);
			sourceTree = "<group>";
		};
		912C9F34222069A100C8E580 /* Products */ = {
			isa = PBXGroup;
			children = (
				912C9F33222069A100C8E580 /* BOOKMYSHOW.app */,
			);
			name = Products;
			sourceTree = "<group>";
		};
		912C9F35222069A100C8E580 /* BOOKMYSHOW */ = {
			isa = PBXGroup;
			children = (
				912C9F5822208DBD00C8E580 /* Helper */,
				912C9F4B22206FC600C8E580 /* WebService */,
				912C9F36222069A100C8E580 /* AppDelegate.swift */,
				912C9F4A22206E8C00C8E580 /* Model */,
				912C9F4922206E8400C8E580 /* Controller */,
				912C9F4822206E7B00C8E580 /* View */,
				912C9F3D222069A300C8E580 /* Assets.xcassets */,
				912C9F42222069A300C8E580 /* Info.plist */,
			);
			path = BOOKMYSHOW;
			sourceTree = "<group>";
		};
		912C9F4822206E7B00C8E580 /* View */ = {
			isa = PBXGroup;
			children = (
				912C9F3A222069A100C8E580 /* Main.storyboard */,
				912C9F3F222069A300C8E580 /* LaunchScreen.storyboard */,
			);
			path = View;
			sourceTree = "<group>";
		};
		912C9F4922206E8400C8E580 /* Controller */ = {
			isa = PBXGroup;
			children = (
				912C9F38222069A100C8E580 /* MoviesListViewController.swift */,
				912C9F502220854F00C8E580 /* MovieCell.swift */,
				912C9F5B222145B600C8E580 /* DetailViewController.swift */,
				912C9F5D2221B76D00C8E580 /* SimilarMoviesCell.swift */,
			);
			path = Controller;
			sourceTree = "<group>";
		};
		912C9F4A22206E8C00C8E580 /* Model */ = {
			isa = PBXGroup;
			children = (
				912C9F4E222071DB00C8E580 /* MovieListModel.swift */,
			);
			path = Model;
			sourceTree = "<group>";
		};
		912C9F4B22206FC600C8E580 /* WebService */ = {
			isa = PBXGroup;
			children = (
				912C9F4C2220702C00C8E580 /* DataManager.swift */,
			);
			path = WebService;
			sourceTree = "<group>";
		};
		912C9F5822208DBD00C8E580 /* Helper */ = {
			isa = PBXGroup;
			children = (
				912C9F5422208D4C00C8E580 /* RoundImageView.swift */,
				912C9F5622208D9B00C8E580 /* ImagePlaceholderLoader.swift */,
				912C9F5222208CF100C8E580 /* ShowAlertView.swift */,
			);
			path = Helper;
			sourceTree = "<group>";
		};
/* End PBXGroup section */

/* Begin PBXNativeTarget section */
		912C9F32222069A100C8E580 /* BOOKMYSHOW */ = {
			isa = PBXNativeTarget;
			buildConfigurationList = 912C9F45222069A300C8E580 /* Build configuration list for PBXNativeTarget "BOOKMYSHOW" */;
			buildPhases = (
				912C9F2F222069A100C8E580 /* Sources */,
				912C9F30222069A100C8E580 /* Frameworks */,
				912C9F31222069A100C8E580 /* Resources */,
			);
			buildRules = (
			);
			dependencies = (
			);
			name = BOOKMYSHOW;
			productName = BOOKMYSHOW;
			productReference = 912C9F33222069A100C8E580 /* BOOKMYSHOW.app */;
			productType = "com.apple.product-type.application";
		};
/* End PBXNativeTarget section */

/* Begin PBXProject section */
		912C9F2B222069A100C8E580 /* Project object */ = {
			isa = PBXProject;
			attributes = {
				LastSwiftUpdateCheck = 1010;
				LastUpgradeCheck = 1010;
				ORGANIZATIONNAME = LoyltyRewardz;
				TargetAttributes = {
					912C9F32222069A100C8E580 = {
						CreatedOnToolsVersion = 10.1;
					};
				};
			};
			buildConfigurationList = 912C9F2E222069A100C8E580 /* Build configuration list for PBXProject "BOOKMYSHOW" */;
			compatibilityVersion = "Xcode 9.3";
			developmentRegion = en;
			hasScannedForEncodings = 0;
			knownRegions = (
				en,
				Base,
			);
			mainGroup = 912C9F2A222069A100C8E580;
			productRefGroup = 912C9F34222069A100C8E580 /* Products */;
			projectDirPath = "";
			projectRoot = "";
			targets = (
				912C9F32222069A100C8E580 /* BOOKMYSHOW */,
			);
		};
/* End PBXProject section */

/* Begin PBXResourcesBuildPhase section */
		912C9F31222069A100C8E580 /* Resources */ = {
			isa = PBXResourcesBuildPhase;
			buildActionMask = 2147483647;
			files = (
				912C9F41222069A300C8E580 /* LaunchScreen.storyboard in Resources */,
				912C9F3E222069A300C8E580 /* Assets.xcassets in Resources */,
				912C9F3C222069A100C8E580 /* Main.storyboard in Resources */,
			);
			runOnlyForDeploymentPostprocessing = 0;
		};
/* End PBXResourcesBuildPhase section */

/* Begin PBXSourcesBuildPhase section */
		912C9F2F222069A100C8E580 /* Sources */ = {
			isa = PBXSourcesBuildPhase;
			buildActionMask = 2147483647;
			files = (
				912C9F5C222145B600C8E580 /* DetailViewController.swift in Sources */,
				912C9F4F222071DB00C8E580 /* MovieListModel.swift in Sources */,
				912C9F39222069A100C8E580 /* MoviesListViewController.swift in Sources */,
				912C9F4D2220702C00C8E580 /* DataManager.swift in Sources */,
				912C9F512220854F00C8E580 /* MovieCell.swift in Sources */,
				912C9F5722208D9C00C8E580 /* ImagePlaceholderLoader.swift in Sources */,
				912C9F5E2221B76D00C8E580 /* SimilarMoviesCell.swift in Sources */,
				912C9F5522208D4C00C8E580 /* RoundImageView.swift in Sources */,
				912C9F5322208CF100C8E580 /* ShowAlertView.swift in Sources */,
				912C9F37222069A100C8E580 /* AppDelegate.swift in Sources */,
			);
			runOnlyForDeploymentPostprocessing = 0;
		};
/* End PBXSourcesBuildPhase section */

/* Begin PBXVariantGroup section */
		912C9F3A222069A100C8E580 /* Main.storyboard */ = {
			isa = PBXVariantGroup;
			children = (
				912C9F3B222069A100C8E580 /* Base */,
			);
			name = Main.storyboard;
			sourceTree = "<group>";
		};
		912C9F3F222069A300C8E580 /* LaunchScreen.storyboard */ = {
			isa = PBXVariantGroup;
			children = (
				912C9F40222069A300C8E580 /* Base */,
			);
			name = LaunchScreen.storyboard;
			sourceTree = "<group>";
		};
/* End PBXVariantGroup section */

/* Begin XCBuildConfiguration section */
		912C9F43222069A300C8E580 /* Debug */ = {
			isa = XCBuildConfiguration;
			buildSettings = {
				ALWAYS_SEARCH_USER_PATHS = NO;
				CLANG_ANALYZER_NONNULL = YES;
				CLANG_ANALYZER_NUMBER_OBJECT_CONVERSION = YES_AGGRESSIVE;
				CLANG_CXX_LANGUAGE_STANDARD = "gnu++14";
				CLANG_CXX_LIBRARY = "libc++";
				CLANG_ENABLE_MODULES = YES;
				CLANG_ENABLE_OBJC_ARC = YES;
				CLANG_ENABLE_OBJC_WEAK = YES;
				CLANG_WARN_BLOCK_CAPTURE_AUTORELEASING = YES;
				CLANG_WARN_BOOL_CONVERSION = YES;
				CLANG_WARN_COMMA = YES;
				CLANG_WARN_CONSTANT_CONVERSION = YES;
				CLANG_WARN_DEPRECATED_OBJC_IMPLEMENTATIONS = YES;
				CLANG_WARN_DIRECT_OBJC_ISA_USAGE = YES_ERROR;
				CLANG_WARN_DOCUMENTATION_COMMENTS = YES;
				CLANG_WARN_EMPTY_BODY = YES;
				CLANG_WARN_ENUM_CONVERSION = YES;
				CLANG_WARN_INFINITE_RECURSION = YES;
				CLANG_WARN_INT_CONVERSION = YES;
				CLANG_WARN_NON_LITERAL_NULL_CONVERSION = YES;
				CLANG_WARN_OBJC_IMPLICIT_RETAIN_SELF = YES;
				CLANG_WARN_OBJC_LITERAL_CONVERSION = YES;
				CLANG_WARN_OBJC_ROOT_CLASS = YES_ERROR;
				CLANG_WARN_RANGE_LOOP_ANALYSIS = YES;
				CLANG_WARN_STRICT_PROTOTYPES = YES;
				CLANG_WARN_SUSPICIOUS_MOVE = YES;
				CLANG_WARN_UNGUARDED_AVAILABILITY = YES_AGGRESSIVE;
				CLANG_WARN_UNREACHABLE_CODE = YES;
				CLANG_WARN__DUPLICATE_METHOD_MATCH = YES;
				CODE_SIGN_IDENTITY = "iPhone Developer";
				COPY_PHASE_STRIP = NO;
				DEBUG_INFORMATION_FORMAT = dwarf;
				ENABLE_STRICT_OBJC_MSGSEND = YES;
				ENABLE_TESTABILITY = YES;
				GCC_C_LANGUAGE_STANDARD = gnu11;
				GCC_DYNAMIC_NO_PIC = NO;
				GCC_NO_COMMON_BLOCKS = YES;
				GCC_OPTIMIZATION_LEVEL = 0;
				GCC_PREPROCESSOR_DEFINITIONS = (
					"DEBUG=1",
					"$(inherited)",
				);
				GCC_WARN_64_TO_32_BIT_CONVERSION = YES;
				GCC_WARN_ABOUT_RETURN_TYPE = YES_ERROR;
				GCC_WARN_UNDECLARED_SELECTOR = YES;
				GCC_WARN_UNINITIALIZED_AUTOS = YES_AGGRESSIVE;
				GCC_WARN_UNUSED_FUNCTION = YES;
				GCC_WARN_UNUSED_VARIABLE = YES;
				IPHONEOS_DEPLOYMENT_TARGET = 12.1;
				MTL_ENABLE_DEBUG_INFO = INCLUDE_SOURCE;
				MTL_FAST_MATH = YES;
				ONLY_ACTIVE_ARCH = YES;
				SDKROOT = iphoneos;
				SWIFT_ACTIVE_COMPILATION_CONDITIONS = DEBUG;
				SWIFT_OPTIMIZATION_LEVEL = "-Onone";
			};
			name = Debug;
		};
		912C9F44222069A300C8E580 /* Release */ = {
			isa = XCBuildConfiguration;
			buildSettings = {
				ALWAYS_SEARCH_USER_PATHS = NO;
				CLANG_ANALYZER_NONNULL = YES;
				CLANG_ANALYZER_NUMBER_OBJECT_CONVERSION = YES_AGGRESSIVE;
				CLANG_CXX_LANGUAGE_STANDARD = "gnu++14";
				CLANG_CXX_LIBRARY = "libc++";
				CLANG_ENABLE_MODULES = YES;
				CLANG_ENABLE_OBJC_ARC = YES;
				CLANG_ENABLE_OBJC_WEAK = YES;
				CLANG_WARN_BLOCK_CAPTURE_AUTORELEASING = YES;
				CLANG_WARN_BOOL_CONVERSION = YES;
				CLANG_WARN_COMMA = YES;
				CLANG_WARN_CONSTANT_CONVERSION = YES;
				CLANG_WARN_DEPRECATED_OBJC_IMPLEMENTATIONS = YES;
				CLANG_WARN_DIRECT_OBJC_ISA_USAGE = YES_ERROR;
				CLANG_WARN_DOCUMENTATION_COMMENTS = YES;
				CLANG_WARN_EMPTY_BODY = YES;
				CLANG_WARN_ENUM_CONVERSION = YES;
				CLANG_WARN_INFINITE_RECURSION = YES;
				CLANG_WARN_INT_CONVERSION = YES;
				CLANG_WARN_NON_LITERAL_NULL_CONVERSION = YES;
				CLANG_WARN_OBJC_IMPLICIT_RETAIN_SELF = YES;
				CLANG_WARN_OBJC_LITERAL_CONVERSION = YES;
				CLANG_WARN_OBJC_ROOT_CLASS = YES_ERROR;
				CLANG_WARN_RANGE_LOOP_ANALYSIS = YES;
				CLANG_WARN_STRICT_PROTOTYPES = YES;
				CLANG_WARN_SUSPICIOUS_MOVE = YES;
				CLANG_WARN_UNGUARDED_AVAILABILITY = YES_AGGRESSIVE;
				CLANG_WARN_UNREACHABLE_CODE = YES;
				CLANG_WARN__DUPLICATE_METHOD_MATCH = YES;
				CODE_SIGN_IDENTITY = "iPhone Developer";
				COPY_PHASE_STRIP = NO;
				DEBUG_INFORMATION_FORMAT = "dwarf-with-dsym";
				ENABLE_NS_ASSERTIONS = NO;
				ENABLE_STRICT_OBJC_MSGSEND = YES;
				GCC_C_LANGUAGE_STANDARD = gnu11;
				GCC_NO_COMMON_BLOCKS = YES;
				GCC_WARN_64_TO_32_BIT_CONVERSION = YES;
				GCC_WARN_ABOUT_RETURN_TYPE = YES_ERROR;
				GCC_WARN_UNDECLARED_SELECTOR = YES;
				GCC_WARN_UNINITIALIZED_AUTOS = YES_AGGRESSIVE;
				GCC_WARN_UNUSED_FUNCTION = YES;
				GCC_WARN_UNUSED_VARIABLE = YES;
				IPHONEOS_DEPLOYMENT_TARGET = 12.1;
				MTL_ENABLE_DEBUG_INFO = NO;
				MTL_FAST_MATH = YES;
				SDKROOT = iphoneos;
				SWIFT_COMPILATION_MODE = wholemodule;
				SWIFT_OPTIMIZATION_LEVEL = "-O";
				VALIDATE_PRODUCT = YES;
			};
			name = Release;
		};
		912C9F46222069A300C8E580 /* Debug */ = {
			isa = XCBuildConfiguration;
			buildSettings = {
				ASSETCATALOG_COMPILER_APPICON_NAME = AppIcon;
				CODE_SIGN_STYLE = Automatic;
				DEVELOPMENT_TEAM = RY9E5VL5NF;
				INFOPLIST_FILE = BOOKMYSHOW/Info.plist;
				LD_RUNPATH_SEARCH_PATHS = (
					"$(inherited)",
					"@executable_path/Frameworks",
				);
				PRODUCT_BUNDLE_IDENTIFIER = com.LoyltyRewardz.BOOKMYSHOW;
				PRODUCT_NAME = "$(TARGET_NAME)";
				SWIFT_VERSION = 4.2;
				TARGETED_DEVICE_FAMILY = "1,2";
			};
			name = Debug;
		};
		912C9F47222069A300C8E580 /* Release */ = {
			isa = XCBuildConfiguration;
			buildSettings = {
				ASSETCATALOG_COMPILER_APPICON_NAME = AppIcon;
				CODE_SIGN_STYLE = Automatic;
				DEVELOPMENT_TEAM = RY9E5VL5NF;
				INFOPLIST_FILE = BOOKMYSHOW/Info.plist;
				LD_RUNPATH_SEARCH_PATHS = (
					"$(inherited)",
					"@executable_path/Frameworks",
				);
				PRODUCT_BUNDLE_IDENTIFIER = com.LoyltyRewardz.BOOKMYSHOW;
				PRODUCT_NAME = "$(TARGET_NAME)";
				SWIFT_VERSION = 4.2;
				TARGETED_DEVICE_FAMILY = "1,2";
			};
			name = Release;
		};
/* End XCBuildConfiguration section */

/* Begin XCConfigurationList section */
		912C9F2E222069A100C8E580 /* Build configuration list for PBXProject "BOOKMYSHOW" */ = {
			isa = XCConfigurationList;
			buildConfigurations = (
				912C9F43222069A300C8E580 /* Debug */,
				912C9F44222069A300C8E580 /* Release */,
			);
			defaultConfigurationIsVisible = 0;
			defaultConfigurationName = Release;
		};
		912C9F45222069A300C8E580 /* Build configuration list for PBXNativeTarget "BOOKMYSHOW" */ = {
			isa = XCConfigurationList;
			buildConfigurations = (
				912C9F46222069A300C8E580 /* Debug */,
				912C9F47222069A300C8E580 /* Release */,
			);
			defaultConfigurationIsVisible = 0;
			defaultConfigurationName = Release;
		};
/* End XCConfigurationList section */
	};
	rootObject = 912C9F2B222069A100C8E580 /* Project object */;
}
